{
  "name": "public",
  "version": "1.0.0",
  "lockfileVersion": 1,
  "requires": true,
  "dependencies": {
    "tether": {
      "version": "1.4.3",
      "resolved": "https://registry.npmjs.org/tether/-/tether-1.4.3.tgz",
      "integrity": "sha512-YCfE/Ym9MpZpzUmzbek7MiLEyTofxx2YS0rJfSOUXX0aZtfQgxcgw7/Re2oGJUsREWZtEF0DzBKCjqH+DzgL6A=="
    },
    "tether-shepherd": {
      "version": "1.8.1",
      "resolved": "https://registry.npmjs.org/tether-shepherd/-/tether-shepherd-1.8.1.tgz",
      "integrity": "sha1-T9my/dkFnwS2xCSUVtWuFFo+kiM=",
      "requires": {
        "tether": "1.4.3"
      }
    }
  }
}
